
Microsoft Visual Studio Solution File, Format Version 12.00
# Visual Studio Version 17
VisualStudioVersion = 17.0.31903.59
MinimumVisualStudioVersion = 10.0.40219.1
Project("{FAE04EC0-301F-11D3-BF4B-00C04F79EFBC}") = "Domain", "Domain\Domain.csproj", "{058BBEB1-6344-4733-81AD-E6260D4D347C}"
EndProject
Project("{FAE04EC0-301F-11D3-BF4B-00C04F79EFBC}") = "Application", "Application\Application.csproj", "{AE4081A5-F6DD-4D3B-8245-0AAFF620A0B2}"
EndProject
Project("{FAE04EC0-301F-11D3-BF4B-00C04F79EFBC}") = "Infrastructure", "Infrastructure\Infrastructure.csproj", "{5F7F355A-F708-41FE-9FC8-7ACB19E681FE}"
EndProject
Project("{FAE04EC0-301F-11D3-BF4B-00C04F79EFBC}") = "Api", "Api\Api.csproj", "{710224BB-9EC0-4E15-B007-895CA19BAC4E}"
EndProject
Global
	GlobalSection(SolutionConfigurationPlatforms) = preSolution
		Debug|Any CPU = Debug|Any CPU
		Release|Any CPU = Release|Any CPU
	EndGlobalSection
	GlobalSection(SolutionProperties) = preSolution
		HideSolutionNode = FALSE
	EndGlobalSection
	GlobalSection(ProjectConfigurationPlatforms) = postSolution
		{058BBEB1-6344-4733-81AD-E6260D4D347C}.Debug|Any CPU.ActiveCfg = Debug|Any CPU
		{058BBEB1-6344-4733-81AD-E6260D4D347C}.Debug|Any CPU.Build.0 = Debug|Any CPU
		{058BBEB1-6344-4733-81AD-E6260D4D347C}.Release|Any CPU.ActiveCfg = Release|Any CPU
		{058BBEB1-6344-4733-81AD-E6260D4D347C}.Release|Any CPU.Build.0 = Release|Any CPU
		{AE4081A5-F6DD-4D3B-8245-0AAFF620A0B2}.Debug|Any CPU.ActiveCfg = Debug|Any CPU
		{AE4081A5-F6DD-4D3B-8245-0AAFF620A0B2}.Debug|Any CPU.Build.0 = Debug|Any CPU
		{AE4081A5-F6DD-4D3B-8245-0AAFF620A0B2}.Release|Any CPU.ActiveCfg = Release|Any CPU
		{AE4081A5-F6DD-4D3B-8245-0AAFF620A0B2}.Release|Any CPU.Build.0 = Release|Any CPU
		{5F7F355A-F708-41FE-9FC8-7ACB19E681FE}.Debug|Any CPU.ActiveCfg = Debug|Any CPU
		{5F7F355A-F708-41FE-9FC8-7ACB19E681FE}.Debug|Any CPU.Build.0 = Debug|Any CPU
		{5F7F355A-F708-41FE-9FC8-7ACB19E681FE}.Release|Any CPU.ActiveCfg = Release|Any CPU
		{5F7F355A-F708-41FE-9FC8-7ACB19E681FE}.Release|Any CPU.Build.0 = Release|Any CPU
		{710224BB-9EC0-4E15-B007-895CA19BAC4E}.Debug|Any CPU.ActiveCfg = Debug|Any CPU
		{710224BB-9EC0-4E15-B007-895CA19BAC4E}.Debug|Any CPU.Build.0 = Debug|Any CPU
		{710224BB-9EC0-4E15-B007-895CA19BAC4E}.Release|Any CPU.ActiveCfg = Release|Any CPU
		{710224BB-9EC0-4E15-B007-895CA19BAC4E}.Release|Any CPU.Build.0 = Release|Any CPU
	EndGlobalSection
EndGlobal
